
Microsoft Visual Studio Solution File, Format Version 12.00
# Visual Studio Version 17
VisualStudioVersion = 17.5.33502.453
MinimumVisualStudioVersion = 10.0.40219.1
Project("{FAE04EC0-301F-11D3-BF4B-00C04F79EFBC}") = "BebasFirstLib", "BebasFirstLib\BebasFirstLib.csproj", "{2D34A952-4671-4696-B734-91AFE84B154F}"
EndProject
Project("{2150E333-8FDC-42A3-9474-1A3956D46DE8}") = "BebasFirstSearch", "BebasFirstSearch", "{D2EC0518-5036-4ADD-BDA0-F99E0472ECBD}"
EndProject
Project("{FAE04EC0-301F-11D3-BF4B-00C04F79EFBC}") = "BebasFirstTerminal", "BebasFirstTerminal\BebasFirstTerminal.csproj", "{7534B611-C6D1-487C-846E-E9E0ADC8393C}"
EndProject
Global
	GlobalSection(SolutionConfigurationPlatforms) = preSolution
		Debug|Any CPU = Debug|Any CPU
		Release|Any CPU = Release|Any CPU
	EndGlobalSection
	GlobalSection(ProjectConfigurationPlatforms) = postSolution
		{2D34A952-4671-4696-B734-91AFE84B154F}.Debug|Any CPU.ActiveCfg = Debug|Any CPU
		{2D34A952-4671-4696-B734-91AFE84B154F}.Debug|Any CPU.Build.0 = Debug|Any CPU
		{2D34A952-4671-4696-B734-91AFE84B154F}.Release|Any CPU.ActiveCfg = Release|Any CPU
		{2D34A952-4671-4696-B734-91AFE84B154F}.Release|Any CPU.Build.0 = Release|Any CPU
		{7534B611-C6D1-487C-846E-E9E0ADC8393C}.Debug|Any CPU.ActiveCfg = Debug|Any CPU
		{7534B611-C6D1-487C-846E-E9E0ADC8393C}.Debug|Any CPU.Build.0 = Debug|Any CPU
		{7534B611-C6D1-487C-846E-E9E0ADC8393C}.Release|Any CPU.ActiveCfg = Release|Any CPU
		{7534B611-C6D1-487C-846E-E9E0ADC8393C}.Release|Any CPU.Build.0 = Release|Any CPU
	EndGlobalSection
	GlobalSection(SolutionProperties) = preSolution
		HideSolutionNode = FALSE
	EndGlobalSection
	GlobalSection(NestedProjects) = preSolution
		{2D34A952-4671-4696-B734-91AFE84B154F} = {D2EC0518-5036-4ADD-BDA0-F99E0472ECBD}
		{7534B611-C6D1-487C-846E-E9E0ADC8393C} = {D2EC0518-5036-4ADD-BDA0-F99E0472ECBD}
	EndGlobalSection
	GlobalSection(ExtensibilityGlobals) = postSolution
		SolutionGuid = {4628078D-6756-4137-8F60-C08FD4760A55}
	EndGlobalSection
EndGlobal
